
Microsoft Visual Studio Solution File, Format Version 12.00
# Visual Studio Version 16
VisualStudioVersion = 16.0.30011.22
MinimumVisualStudioVersion = 10.0.40219.1
Project("{888888A0-9F3D-457C-B088-3A5042F75D52}") = "lab1", "lab1.pyproj", "{D1E70AE5-55CC-4FE9-A14B-28F02D912B1E}"
EndProject
Global
	GlobalSection(SolutionConfigurationPlatforms) = preSolution
		Debug|Any CPU = Debug|Any CPU
		Release|Any CPU = Release|Any CPU
	EndGlobalSection
	GlobalSection(ProjectConfigurationPlatforms) = postSolution
		{D1E70AE5-55CC-4FE9-A14B-28F02D912B1E}.Debug|Any CPU.ActiveCfg = Debug|Any CPU
		{D1E70AE5-55CC-4FE9-A14B-28F02D912B1E}.Release|Any CPU.ActiveCfg = Release|Any CPU
	EndGlobalSection
	GlobalSection(SolutionProperties) = preSolution
		HideSolutionNode = FALSE
	EndGlobalSection
	GlobalSection(ExtensibilityGlobals) = postSolution
		SolutionGuid = {077809B1-56A8-472C-8A1E-4B191A72CD1E}
	EndGlobalSection
EndGlobal
